
Microsoft Visual Studio Solution File, Format Version 12.00
# Visual Studio Version 17
VisualStudioVersion = 17.10.34928.147
MinimumVisualStudioVersion = 10.0.40219.1
Project("{FAE04EC0-301F-11D3-BF4B-00C04F79EFBC}") = "ToDoList", "ToDoList\ToDoList.csproj", "{8AD4A259-4A22-4FC3-A6EE-A06E1217B4D7}"
EndProject
Project("{FAE04EC0-301F-11D3-BF4B-00C04F79EFBC}") = "Calculator", "Calculator\Calculator.csproj", "{C78D8E0C-B047-4211-8F62-B2DA3E0C5A39}"
EndProject
Global
	GlobalSection(SolutionConfigurationPlatforms) = preSolution
		Debug|Any CPU = Debug|Any CPU
		Release|Any CPU = Release|Any CPU
	EndGlobalSection
	GlobalSection(ProjectConfigurationPlatforms) = postSolution
		{8AD4A259-4A22-4FC3-A6EE-A06E1217B4D7}.Debug|Any CPU.ActiveCfg = Debug|Any CPU
		{8AD4A259-4A22-4FC3-A6EE-A06E1217B4D7}.Debug|Any CPU.Build.0 = Debug|Any CPU
		{8AD4A259-4A22-4FC3-A6EE-A06E1217B4D7}.Release|Any CPU.ActiveCfg = Release|Any CPU
		{8AD4A259-4A22-4FC3-A6EE-A06E1217B4D7}.Release|Any CPU.Build.0 = Release|Any CPU
		{C78D8E0C-B047-4211-8F62-B2DA3E0C5A39}.Debug|Any CPU.ActiveCfg = Debug|Any CPU
		{C78D8E0C-B047-4211-8F62-B2DA3E0C5A39}.Debug|Any CPU.Build.0 = Debug|Any CPU
		{C78D8E0C-B047-4211-8F62-B2DA3E0C5A39}.Release|Any CPU.ActiveCfg = Release|Any CPU
		{C78D8E0C-B047-4211-8F62-B2DA3E0C5A39}.Release|Any CPU.Build.0 = Release|Any CPU
	EndGlobalSection
	GlobalSection(SolutionProperties) = preSolution
		HideSolutionNode = FALSE
	EndGlobalSection
	GlobalSection(ExtensibilityGlobals) = postSolution
		SolutionGuid = {680F74A8-AEB5-4BAC-B5C1-65085E0A2874}
	EndGlobalSection
EndGlobal
